{
  "version": "5",
  "specifiers": {
    "jsr:@std/assert@^1.0.19": "1.0.19",
    "jsr:@std/cli@^1.0.29": "1.0.29",
    "jsr:@std/expect@^1.0.19": "1.0.19",
    "jsr:@std/fmt@^1.0.10": "1.0.10",
    "jsr:@std/fs@^1.0.23": "1.0.23",
    "jsr:@std/internal@^1.0.12": "1.0.13",
    "jsr:@std/internal@^1.0.13": "1.0.13",
    "jsr:@std/path@^1.1.4": "1.1.4",
    "jsr:@std/regexp@^1.0.2": "1.0.2",
    "npm:rrule-rust@^3.1.1": "3.1.1_@emnapi+core@1.9.2_@emnapi+runtime@1.9.2"
  },
  "jsr": {
    "@std/assert@1.0.19": {
      "integrity": "eaada96ee120cb980bc47e040f82814d786fe8162ecc53c91d8df60b8755991e",
      "dependencies": [
        "jsr:@std/internal@^1.0.12"
      ]
    },
    "@std/cli@1.0.29": {
      "integrity": "fa4ef29130baa834d8a13b7d138240c3a2fcfba740bfb7afa646a360a15ec84f",
      "dependencies": [
        "jsr:@std/fmt",
        "jsr:@std/internal@^1.0.13"
      ]
    },
    "@std/expect@1.0.19": {
      "integrity": "25271785688c7ff902fa54875d6aa4001f552c5578f7f0fefb5b5aac1fc2ed8a",
      "dependencies": [
        "jsr:@std/assert",
        "jsr:@std/internal@^1.0.13",
        "jsr:@std/path"
      ]
    },
    "@std/fmt@1.0.10": {
      "integrity": "90dfba288802ac6de82fb31d0917eb9e4450b9925b954d5e51fc29ac07419db5"
    },
    "@std/fs@1.0.23": {
      "integrity": "3ecbae4ce4fee03b180fa710caff36bb5adb66631c46a6460aaad49515565a37",
      "dependencies": [
        "jsr:@std/internal@^1.0.12",
        "jsr:@std/path"
      ]
    },
    "@std/internal@1.0.13": {
      "integrity": "2f9546691d4ac2d32859c82dff284aaeac980ddeca38430d07941e7e288725c0"
    },
    "@std/path@1.1.4": {
      "integrity": "1d2d43f39efb1b42f0b1882a25486647cb851481862dc7313390b2bb044314b5",
      "dependencies": [
        "jsr:@std/internal@^1.0.12"
      ]
    },
    "@std/regexp@1.0.2": {
      "integrity": "7493d47c077cfdb023e41a0b44fd608d87fe5b36fc3dc614261afc0f1452aabf"
    }
  },
  "npm": {
    "@emnapi/core@1.9.2": {
      "integrity": "sha512-UC+ZhH3XtczQYfOlu3lNEkdW/p4dsJ1r/bP7H8+rhao3TTTMO1ATq/4DdIi23XuGoFY+Cz0JmCbdVl0hz9jZcA==",
      "dependencies": [
        "@emnapi/wasi-threads",
        "tslib"
      ]
    },
    "@emnapi/runtime@1.9.2": {
      "integrity": "sha512-3U4+MIWHImeyu1wnmVygh5WlgfYDtyf0k8AbLhMFxOipihf6nrWC4syIm/SwEeec0mNSafiiNnMJwbza/Is6Lw==",
      "dependencies": [
        "tslib"
      ]
    },
    "@emnapi/wasi-threads@1.2.1": {
      "integrity": "sha512-uTII7OYF+/Mes/MrcIOYp5yOtSMLBWSIoLPpcgwipoiKbli6k322tcoFsxoIIxPDqW01SQGAgko4EzZi2BNv2w==",
      "dependencies": [
        "tslib"
      ]
    },
    "@napi-rs/wasm-runtime@1.1.2_@emnapi+core@1.9.2_@emnapi+runtime@1.9.2": {
      "integrity": "sha512-sNXv5oLJ7ob93xkZ1XnxisYhGYXfaG9f65/ZgYuAu3qt7b3NadcOEhLvx28hv31PgX8SZJRYrAIPQilQmFpLVw==",
      "dependencies": [
        "@emnapi/core",
        "@emnapi/runtime",
        "@tybys/wasm-util"
      ]
    },
    "@rrule-rust/lib-android-arm-eabi@3.1.1": {
      "integrity": "sha512-0n+CdQgCl3l5My0NrJ5J38WWmhlXmq9w61W7Wxtb+KsBuzGdhSU61oV84Dcm1nFL6fyjAokOusye61JovO/58Q==",
      "os": ["android"],
      "cpu": ["arm"]
    },
    "@rrule-rust/lib-android-arm64@3.1.1": {
      "integrity": "sha512-XWTKeO32KSshjUYIjFy5ioJhTv+pBwcZ04MendJQuxm+TZ32etXQV6dmhGsK1TBkDB7bKye23UJ1RA50xMaQ8w==",
      "os": ["android"],
      "cpu": ["arm64"]
    },
    "@rrule-rust/lib-darwin-arm64@3.1.1": {
      "integrity": "sha512-nPjqt2FsM0Z32i9vyJ9S9jLML3G3iRF0TBk1OmpTmzrNudnDXAFNP4armeNbcRvexC77l1h5M6/G8BxKdSoTtA==",
      "os": ["darwin"],
      "cpu": ["arm64"]
    },
    "@rrule-rust/lib-darwin-x64@3.1.1": {
      "integrity": "sha512-AlTSP/ReRxr+UcSqGds0vVsanYCSIBqGp+YL3X3NRPKNFrWZvxXTtNLxXVJuxkP/J5M3BKE+zDd7sGE6QFdd4A==",
      "os": ["darwin"],
      "cpu": ["x64"]
    },
    "@rrule-rust/lib-freebsd-x64@3.1.1": {
      "integrity": "sha512-8Ob0cULEE22UsYV8+5Rw9GqFcxNeGdH7E93vwOubSvU8A+ygKnffx1ivl31syPYYVvJZlTAzENvuqyh48L2gCw==",
      "os": ["freebsd"],
      "cpu": ["x64"]
    },
    "@rrule-rust/lib-linux-arm-gnueabihf@3.1.1": {
      "integrity": "sha512-SG8SfELZXy93olNDsEh8kRliLn10sp8Wymcj+x4qIfCUDD2D/av7Rrmcxvhb1mgS7of0CM/+/jiRdIg5VCb/oA==",
      "os": ["linux"],
      "cpu": ["arm"]
    },
    "@rrule-rust/lib-linux-arm64-gnu@3.1.1": {
      "integrity": "sha512-/q2jaUiyj3FwAR74ibB+y86NftNP3g35s2cCwl7VI2hEPfhcJX5j6CkpbIJAS893JcYuUsHVxxKN3Kr65nZGmw==",
      "os": ["linux"],
      "cpu": ["arm64"]
    },
    "@rrule-rust/lib-linux-arm64-musl@3.1.1": {
      "integrity": "sha512-KH5/tdH3dD1YCFLfrxnDM8jJ/kZK81EnmhNJtd+z88Mr6/6Dp6ajRHkeJqlyqbU831aD/FC7a6VUYRp18XtrgA==",
      "os": ["linux"],
      "cpu": ["arm64"]
    },
    "@rrule-rust/lib-linux-x64-gnu@3.1.1": {
      "integrity": "sha512-UguPVFKtzPdeuAhXFjygkGImlEpnCEYnIdPDLx5F5bcjKWHfxl+JRj0EOdhL8/z4o2432RmKCp+q83xjTVQhcg==",
      "os": ["linux"],
      "cpu": ["x64"]
    },
    "@rrule-rust/lib-linux-x64-musl@3.1.1": {
      "integrity": "sha512-8xjjLbkQDwQOgufSeVoAIOePhS53mxUvmoEdjIBqx50ctDmtyKkqF8RpAE9mCMxowDmlxSEVSXqVwreBxu2OhQ==",
      "os": ["linux"],
      "cpu": ["x64"]
    },
    "@rrule-rust/lib-wasm32-wasi@3.1.1_@emnapi+core@1.9.2_@emnapi+runtime@1.9.2": {
      "integrity": "sha512-0jRCslVJ4teVrG2uljK8qPs1dGtG52ykcc8yoC/iTHwYE0mU4XKMwMACFhoQt0XlTsjW5Snm9+DrWAIL8OVFBA==",
      "dependencies": [
        "@napi-rs/wasm-runtime"
      ]
    },
    "@rrule-rust/lib-win32-arm64-msvc@3.1.1": {
      "integrity": "sha512-1zSv7YLJji6Md5sGFJ9mZ6WicrQgMG8yoiFa7MXwFOgIoTeurRVNNyDLZt2chkobY+EZKjJR2iyfn/XTNkzobg==",
      "os": ["win32"],
      "cpu": ["arm64"]
    },
    "@rrule-rust/lib-win32-ia32-msvc@3.1.1": {
      "integrity": "sha512-MfgTw99zHhL0QFzSqpgySqj0qLDzGB27W8W0m6T4QdUOrkU3JkGfwRPINqT2XRqj2nS3HkuLXM3utkM2xcghDg==",
      "os": ["win32"],
      "cpu": ["ia32"]
    },
    "@rrule-rust/lib-win32-x64-msvc@3.1.1": {
      "integrity": "sha512-xoEmfvEZ8EcjNdhuQd2lymQAVz4/MSfEJNvBxftRvmtPZSTkYoZhrpJmLPdhFQoybfqqJZ8XGgwsETjj8bcOtA==",
      "os": ["win32"],
      "cpu": ["x64"]
    },
    "@tybys/wasm-util@0.10.1": {
      "integrity": "sha512-9tTaPJLSiejZKx+Bmog4uSubteqTvFrVrURwkmHixBo0G4seD0zUxp98E1DzUBJxLQ3NPwXrGKDiVjwx/DpPsg==",
      "dependencies": [
        "tslib"
      ]
    },
    "rrule-rust@3.1.1_@emnapi+core@1.9.2_@emnapi+runtime@1.9.2": {
      "integrity": "sha512-jxhZXMw6ZGT/mv7P6KHlg/ZDR5Ctz+8f3+3oc1oOqZw0lLKuhpcWg5BG5G1Jx4I61aQn1w/ldSZC7wRG665DFQ==",
      "optionalDependencies": [
        "@rrule-rust/lib-android-arm-eabi",
        "@rrule-rust/lib-android-arm64",
        "@rrule-rust/lib-darwin-arm64",
        "@rrule-rust/lib-darwin-x64",
        "@rrule-rust/lib-freebsd-x64",
        "@rrule-rust/lib-linux-arm-gnueabihf",
        "@rrule-rust/lib-linux-arm64-gnu",
        "@rrule-rust/lib-linux-arm64-musl",
        "@rrule-rust/lib-linux-x64-gnu",
        "@rrule-rust/lib-linux-x64-musl",
        "@rrule-rust/lib-wasm32-wasi",
        "@rrule-rust/lib-win32-arm64-msvc",
        "@rrule-rust/lib-win32-ia32-msvc",
        "@rrule-rust/lib-win32-x64-msvc"
      ]
    },
    "tslib@2.8.1": {
      "integrity": "sha512-oJFu94HQb+KVduSUQL7wnpmqnfmLsOA/nAh6b6EH0wCEoK0/mPeXU6c3wKDV83MkOuHPRHtSXKKU99IBazS/2w=="
    }
  },
  "workspace": {
    "dependencies": [
      "jsr:@std/expect@^1.0.19"
    ],
    "members": {
      "icalendar-to-rrulerust": {
        "dependencies": [
          "jsr:@kindkitchen/std-sweep-line@0.1",
          "npm:rrule-rust@^3.1.1"
        ]
      },
      "llm_ctx_aggregator": {
        "dependencies": [
          "jsr:@std/cli@^1.0.29",
          "jsr:@std/fs@^1.0.23",
          "jsr:@std/path@^1.1.4",
          "jsr:@std/regexp@^1.0.2"
        ]
      }
    }
  }
}
